
Microsoft Visual Studio Solution File, Format Version 12.00
# Visual Studio Version 16
VisualStudioVersion = 16.0.31702.278
MinimumVisualStudioVersion = 10.0.40219.1
Project("{FAE04EC0-301F-11D3-BF4B-00C04F79EFBC}") = "Salon2.Android", "Salon2.Android\Salon2.Android.csproj", "{4ACD3C22-DC11-4B56-A522-F5D8A045BD97}"
EndProject
Project("{FAE04EC0-301F-11D3-BF4B-00C04F79EFBC}") = "Salon2.iOS", "Salon2.iOS\Salon2.iOS.csproj", "{08C00651-9044-474B-8D7E-2A9552F96E28}"
EndProject
Project("{FAE04EC0-301F-11D3-BF4B-00C04F79EFBC}") = "Salon2", "Salon2\Salon2.csproj", "{16DC3EFE-75AD-4A4F-A1F6-3C267A83327A}"
EndProject
Global
	GlobalSection(SolutionConfigurationPlatforms) = preSolution
		Debug|Any CPU = Debug|Any CPU
		Debug|iPhone = Debug|iPhone
		Debug|iPhoneSimulator = Debug|iPhoneSimulator
		Release|Any CPU = Release|Any CPU
		Release|iPhone = Release|iPhone
		Release|iPhoneSimulator = Release|iPhoneSimulator
	EndGlobalSection
	GlobalSection(ProjectConfigurationPlatforms) = postSolution
		{4ACD3C22-DC11-4B56-A522-F5D8A045BD97}.Debug|Any CPU.ActiveCfg = Debug|Any CPU
		{4ACD3C22-DC11-4B56-A522-F5D8A045BD97}.Debug|Any CPU.Build.0 = Debug|Any CPU
		{4ACD3C22-DC11-4B56-A522-F5D8A045BD97}.Debug|Any CPU.Deploy.0 = Debug|Any CPU
		{4ACD3C22-DC11-4B56-A522-F5D8A045BD97}.Debug|iPhone.ActiveCfg = Debug|Any CPU
		{4ACD3C22-DC11-4B56-A522-F5D8A045BD97}.Debug|iPhone.Build.0 = Debug|Any CPU
		{4ACD3C22-DC11-4B56-A522-F5D8A045BD97}.Debug|iPhone.Deploy.0 = Debug|Any CPU
		{4ACD3C22-DC11-4B56-A522-F5D8A045BD97}.Debug|iPhoneSimulator.ActiveCfg = Debug|Any CPU
		{4ACD3C22-DC11-4B56-A522-F5D8A045BD97}.Debug|iPhoneSimulator.Build.0 = Debug|Any CPU
		{4ACD3C22-DC11-4B56-A522-F5D8A045BD97}.Debug|iPhoneSimulator.Deploy.0 = Debug|Any CPU
		{4ACD3C22-DC11-4B56-A522-F5D8A045BD97}.Release|Any CPU.ActiveCfg = Release|Any CPU
		{4ACD3C22-DC11-4B56-A522-F5D8A045BD97}.Release|Any CPU.Build.0 = Release|Any CPU
		{4ACD3C22-DC11-4B56-A522-F5D8A045BD97}.Release|Any CPU.Deploy.0 = Release|Any CPU
		{4ACD3C22-DC11-4B56-A522-F5D8A045BD97}.Release|iPhone.ActiveCfg = Release|Any CPU
		{4ACD3C22-DC11-4B56-A522-F5D8A045BD97}.Release|iPhone.Build.0 = Release|Any CPU
		{4ACD3C22-DC11-4B56-A522-F5D8A045BD97}.Release|iPhone.Deploy.0 = Release|Any CPU
		{4ACD3C22-DC11-4B56-A522-F5D8A045BD97}.Release|iPhoneSimulator.ActiveCfg = Release|Any CPU
		{4ACD3C22-DC11-4B56-A522-F5D8A045BD97}.Release|iPhoneSimulator.Build.0 = Release|Any CPU
		{4ACD3C22-DC11-4B56-A522-F5D8A045BD97}.Release|iPhoneSimulator.Deploy.0 = Release|Any CPU
		{08C00651-9044-474B-8D7E-2A9552F96E28}.Debug|Any CPU.ActiveCfg = Debug|iPhone
		{08C00651-9044-474B-8D7E-2A9552F96E28}.Debug|Any CPU.Build.0 = Debug|iPhone
		{08C00651-9044-474B-8D7E-2A9552F96E28}.Debug|Any CPU.Deploy.0 = Debug|iPhone
		{08C00651-9044-474B-8D7E-2A9552F96E28}.Debug|iPhone.ActiveCfg = Debug|iPhone
		{08C00651-9044-474B-8D7E-2A9552F96E28}.Debug|iPhone.Build.0 = Debug|iPhone
		{08C00651-9044-474B-8D7E-2A9552F96E28}.Debug|iPhone.Deploy.0 = Debug|iPhone
		{08C00651-9044-474B-8D7E-2A9552F96E28}.Debug|iPhoneSimulator.ActiveCfg = Debug|iPhoneSimulator
		{08C00651-9044-474B-8D7E-2A9552F96E28}.Debug|iPhoneSimulator.Build.0 = Debug|iPhoneSimulator
		{08C00651-9044-474B-8D7E-2A9552F96E28}.Debug|iPhoneSimulator.Deploy.0 = Debug|iPhoneSimulator
		{08C00651-9044-474B-8D7E-2A9552F96E28}.Release|Any CPU.ActiveCfg = Release|iPhoneSimulator
		{08C00651-9044-474B-8D7E-2A9552F96E28}.Release|Any CPU.Build.0 = Release|iPhoneSimulator
		{08C00651-9044-474B-8D7E-2A9552F96E28}.Release|Any CPU.Deploy.0 = Release|iPhoneSimulator
		{08C00651-9044-474B-8D7E-2A9552F96E28}.Release|iPhone.ActiveCfg = Release|iPhone
		{08C00651-9044-474B-8D7E-2A9552F96E28}.Release|iPhone.Build.0 = Release|iPhone
		{08C00651-9044-474B-8D7E-2A9552F96E28}.Release|iPhone.Deploy.0 = Release|iPhone
		{08C00651-9044-474B-8D7E-2A9552F96E28}.Release|iPhoneSimulator.ActiveCfg = Release|iPhoneSimulator
		{08C00651-9044-474B-8D7E-2A9552F96E28}.Release|iPhoneSimulator.Build.0 = Release|iPhoneSimulator
		{08C00651-9044-474B-8D7E-2A9552F96E28}.Release|iPhoneSimulator.Deploy.0 = Release|iPhoneSimulator
		{16DC3EFE-75AD-4A4F-A1F6-3C267A83327A}.Debug|Any CPU.ActiveCfg = Debug|Any CPU
		{16DC3EFE-75AD-4A4F-A1F6-3C267A83327A}.Debug|Any CPU.Build.0 = Debug|Any CPU
		{16DC3EFE-75AD-4A4F-A1F6-3C267A83327A}.Debug|Any CPU.Deploy.0 = Debug|Any CPU
		{16DC3EFE-75AD-4A4F-A1F6-3C267A83327A}.Debug|iPhone.ActiveCfg = Debug|Any CPU
		{16DC3EFE-75AD-4A4F-A1F6-3C267A83327A}.Debug|iPhone.Build.0 = Debug|Any CPU
		{16DC3EFE-75AD-4A4F-A1F6-3C267A83327A}.Debug|iPhone.Deploy.0 = Debug|Any CPU
		{16DC3EFE-75AD-4A4F-A1F6-3C267A83327A}.Debug|iPhoneSimulator.ActiveCfg = Debug|Any CPU
		{16DC3EFE-75AD-4A4F-A1F6-3C267A83327A}.Debug|iPhoneSimulator.Build.0 = Debug|Any CPU
		{16DC3EFE-75AD-4A4F-A1F6-3C267A83327A}.Debug|iPhoneSimulator.Deploy.0 = Debug|Any CPU
		{16DC3EFE-75AD-4A4F-A1F6-3C267A83327A}.Release|Any CPU.ActiveCfg = Release|Any CPU
		{16DC3EFE-75AD-4A4F-A1F6-3C267A83327A}.Release|Any CPU.Build.0 = Release|Any CPU
		{16DC3EFE-75AD-4A4F-A1F6-3C267A83327A}.Release|Any CPU.Deploy.0 = Release|Any CPU
		{16DC3EFE-75AD-4A4F-A1F6-3C267A83327A}.Release|iPhone.ActiveCfg = Release|Any CPU
		{16DC3EFE-75AD-4A4F-A1F6-3C267A83327A}.Release|iPhone.Build.0 = Release|Any CPU
		{16DC3EFE-75AD-4A4F-A1F6-3C267A83327A}.Release|iPhone.Deploy.0 = Release|Any CPU
		{16DC3EFE-75AD-4A4F-A1F6-3C267A83327A}.Release|iPhoneSimulator.ActiveCfg = Release|Any CPU
		{16DC3EFE-75AD-4A4F-A1F6-3C267A83327A}.Release|iPhoneSimulator.Build.0 = Release|Any CPU
		{16DC3EFE-75AD-4A4F-A1F6-3C267A83327A}.Release|iPhoneSimulator.Deploy.0 = Release|Any CPU
	EndGlobalSection
	GlobalSection(SolutionProperties) = preSolution
		HideSolutionNode = FALSE
	EndGlobalSection
	GlobalSection(ExtensibilityGlobals) = postSolution
		SolutionGuid = {2780BFA2-8D2C-43CE-8F6E-1F8A13E3EBAD}
	EndGlobalSection
EndGlobal
